lockfileVersion: '9.0'

settings:
  autoInstallPeers: true
  excludeLinksFromLockfile: false

importers:

  .:
    dependencies:
      '@minecraft/vanilla-data':
        specifier: ^1.21.131
        version: 1.21.131
    devDependencies:
      '@bedrock-apis/env-types':
        specifier: 1.0.0-beta.5
        version: 1.0.0-beta.5
      '@minecraft/server':
        specifier: 2.5.0-beta.1.21.130-stable
        version: 2.5.0-beta.1.21.130-stable(@minecraft/common@1.2.0)(@minecraft/vanilla-data@1.21.131)
      '@minecraft/server-ui':
        specifier: 2.1.0-beta.1.21.130-stable
        version: 2.1.0-beta.1.21.130-stable(@minecraft/common@1.2.0)(@minecraft/server@2.5.0-beta.1.21.130-stable(@minecraft/common@1.2.0)(@minecraft/vanilla-data@1.21.131))
      tsdown:
        specifier: ^0.18.1
        version: 0.18.1(typescript@5.9.3)
      typescript:
        specifier: ^5.9.2
        version: 5.9.3

packages:

  '@babel/generator@7.28.5':
    resolution: {integrity: sha512-3EwLFhZ38J4VyIP6WNtt2kUdW9dokXA9Cr4IVIFHuCpZ3H8/YFOl5JjZHisrn1fATPBmKKqXzDFvh9fUwHz6CQ==}
    engines: {node: '>=6.9.0'}

  '@babel/helper-string-parser@7.27.1':
    resolution: {integrity: sha512-qMlSxKbpRlAridDExk92nSobyDdpPijUq2DW6oDnUqd0iOGxmQjyqhMIihI9+zv4LPyZdRje2cavWPbCbWm3eA==}
    engines: {node: '>=6.9.0'}

  '@babel/helper-validator-identifier@7.28.5':
    resolution: {integrity: sha512-qSs4ifwzKJSV39ucNjsvc6WVHs6b7S03sOh2OcHF9UHfVPqWWALUsNUVzhSBiItjRZoLHx7nIarVjqKVusUZ1Q==}
    engines: {node: '>=6.9.0'}

  '@babel/parser@7.28.5':
    resolution: {integrity: sha512-KKBU1VGYR7ORr3At5HAtUQ+TV3SzRCXmA/8OdDZiLDBIZxVyzXuztPjfLd3BV1PRAQGCMWWSHYhL0F8d5uHBDQ==}
    engines: {node: '>=6.0.0'}
    hasBin: true

  '@babel/types@7.28.5':
    resolution: {integrity: sha512-qQ5m48eI/MFLQ5PxQj4PFaprjyCTLI37ElWMmNs0K8Lk3dVeOdNpB3ks8jc7yM5CDmVC73eMVk/trk3fgmrUpA==}
    engines: {node: '>=6.9.0'}

  '@bedrock-apis/env-types@1.0.0-beta.5':
    resolution: {integrity: sha512-x/P0EHvEMwAtbiQNoB6VVn+kqXLy6PzuhKW3sqz23sjwUZsydD7fWTqHYNrzz8rOjcsB84dinISfbl3JzCx/tw==}

  '@emnapi/core@1.7.1':
    resolution: {integrity: sha512-o1uhUASyo921r2XtHYOHy7gdkGLge8ghBEQHMWmyJFoXlpU58kIrhhN3w26lpQb6dspetweapMn2CSNwQ8I4wg==}

  '@emnapi/runtime@1.7.1':
    resolution: {integrity: sha512-PVtJr5CmLwYAU9PZDMITZoR5iAOShYREoR45EyyLrbntV50mdePTgUn4AmOw90Ifcj+x2kRjdzr1HP3RrNiHGA==}

  '@emnapi/wasi-threads@1.1.0':
    resolution: {integrity: sha512-WI0DdZ8xFSbgMjR1sFsKABJ/C5OnRrjT06JXbZKexJGrDuPTzZdDYfFlsgcCXCyf+suG5QU2e/y1Wo2V/OapLQ==}

  '@jridgewell/gen-mapping@0.3.13':
    resolution: {integrity: sha512-2kkt/7niJ6MgEPxF0bYdQ6etZaA+fQvDcLKckhy1yIQOzaoKjBBjSj63/aLVjYE3qhRt5dvM+uUyfCg6UKCBbA==}

  '@jridgewell/resolve-uri@3.1.2':
    resolution: {integrity: sha512-bRISgCIjP20/tbWSPWMEi54QVPRZExkuD9lJL+UIxUKtwVJA8wW1Trb1jMs1RFXo1CBTNZ/5hpC9QvmKWdopKw==}
    engines: {node: '>=6.0.0'}

  '@jridgewell/sourcemap-codec@1.5.5':
    resolution: {integrity: sha512-cYQ9310grqxueWbl+WuIUIaiUaDcj7WOq5fVhEljNVgRfOUhY9fy2zTvfoqWsnebh8Sl70VScFbICvJnLKB0Og==}

  '@jridgewell/trace-mapping@0.3.31':
    resolution: {integrity: sha512-zzNR+SdQSDJzc8joaeP8QQoCQr8NuYx2dIIytl1QeBEZHJ9uW6hebsrYgbz8hJwUQao3TWCMtmfV8Nu1twOLAw==}

  '@minecraft/common@1.2.0':
    resolution: {integrity: sha512-JdmEq4P3Z/FtoBzhLijFgMSVFnFRrUoLwY8DHHrgtFo0mfLTOLTB1RErYjLMsA6b7BGVNxkX/pfFRiH7QZ0XwQ==}

  '@minecraft/server-ui@2.1.0-beta.1.21.130-stable':
    resolution: {integrity: sha512-XMT5DLhHthjkj82uHHRq4XRJy6IWs1XwhLATLZ2ynNtPBgQp6srB3xudfOrYHUP1bO+uqvmAQAIApUqO05uEDg==}
    peerDependencies:
      '@minecraft/common': ^1.0.0
      '@minecraft/server': ^2.0.0 || ^2.5.0-beta.1.21.130-stable

  '@minecraft/server@2.5.0-beta.1.21.130-stable':
    resolution: {integrity: sha512-ljSc6OcVifiUaasy/GmFr+ydYZxAuYLi/9TSzGq9uDBPytvNpoTiUEOt/HgtDPFLtLt+eeq0zf8/PmhlhNqeGQ==}
    peerDependencies:
      '@minecraft/common': ^1.2.0
      '@minecraft/vanilla-data': '>=1.20.70'

  '@minecraft/vanilla-data@1.21.131':
    resolution: {integrity: sha512-Ptw6t5mgyOODFmZxpZRRawjfhgcniGNf7kZqxV98RTAJi61tZ6wEMcI9muiWXw5yrNstYcTxJmqVjx1RaZKkxg==}

  '@napi-rs/wasm-runtime@1.1.0':
    resolution: {integrity: sha512-Fq6DJW+Bb5jaWE69/qOE0D1TUN9+6uWhCeZpdnSBk14pjLcCWR7Q8n49PTSPHazM37JqrsdpEthXy2xn6jWWiA==}

  '@oxc-project/types@0.103.0':
    resolution: {integrity: sha512-bkiYX5kaXWwUessFRSoXFkGIQTmc6dLGdxuRTrC+h8PSnIdZyuXHHlLAeTmOue5Br/a0/a7dHH0Gca6eXn9MKg==}

  '@quansync/fs@1.0.0':
    resolution: {integrity: sha512-4TJ3DFtlf1L5LDMaM6CanJ/0lckGNtJcMjQ1NAV6zDmA0tEHKZtxNKin8EgPaVX1YzljbxckyT2tJrpQKAtngQ==}

  '@rolldown/binding-android-arm64@1.0.0-beta.55':
    resolution: {integrity: sha512-5cPpHdO+zp+klznZnIHRO1bMHDq5hS9cqXodEKAaa/dQTPDjnE91OwAsy3o1gT2x4QaY8NzdBXAvutYdaw0WeA==}
    engines: {node: ^20.19.0 || >=22.12.0}
    cpu: [arm64]
    os: [android]

  '@rolldown/binding-darwin-arm64@1.0.0-beta.55':
    resolution: {integrity: sha512-l0887CGU2SXZr0UJmeEcXSvtDCOhDTTYXuoWbhrEJ58YQhQk24EVhDhHMTyjJb1PBRniUgNc1G0T51eF8z+TWw==}
    engines: {node: ^20.19.0 || >=22.12.0}
    cpu: [arm64]
    os: [darwin]

  '@rolldown/binding-darwin-x64@1.0.0-beta.55':
    resolution: {integrity: sha512-d7qP2AVYzN0tYIP4vJ7nmr26xvmlwdkLD/jWIc9Z9dqh5y0UGPigO3m5eHoHq9BNazmwdD9WzDHbQZyXFZjgtA==}
    engines: {node: ^20.19.0 || >=22.12.0}
    cpu: [x64]
    os: [darwin]

  '@rolldown/binding-freebsd-x64@1.0.0-beta.55':
    resolution: {integrity: sha512-j311E4NOB0VMmXHoDDZhrWidUf7L/Sa6bu/+i2cskvHKU40zcUNPSYeD2YiO2MX+hhDFa5bJwhliYfs+bTrSZw==}
    engines: {node: ^20.19.0 || >=22.12.0}
    cpu: [x64]
    os: [freebsd]

  '@rolldown/binding-linux-arm-gnueabihf@1.0.0-beta.55':
    resolution: {integrity: sha512-lAsaYWhfNTW2A/9O7zCpb5eIJBrFeNEatOS/DDOZ5V/95NHy50g4b/5ViCqchfyFqRb7MKUR18/+xWkIcDkeIw==}
    engines: {node: ^20.19.0 || >=22.12.0}
    cpu: [arm]
    os: [linux]

  '@rolldown/binding-linux-arm64-gnu@1.0.0-beta.55':
    resolution: {integrity: sha512-2x6ffiVLZrQv7Xii9+JdtyT1U3bQhKj59K3eRnYlrXsKyjkjfmiDUVx2n+zSyijisUqD62fcegmx2oLLfeTkCA==}
    engines: {node: ^20.19.0 || >=22.12.0}
    cpu: [arm64]
    os: [linux]

  '@rolldown/binding-linux-arm64-musl@1.0.0-beta.55':
    resolution: {integrity: sha512-QbNncvqAXziya5wleI+OJvmceEE15vE4yn4qfbI/hwT/+8ZcqxyfRZOOh62KjisXxp4D0h3JZspycXYejxAU3w==}
    engines: {node: ^20.19.0 || >=22.12.0}
    cpu: [arm64]
    os: [linux]

  '@rolldown/binding-linux-x64-gnu@1.0.0-beta.55':
    resolution: {integrity: sha512-YZCTZZM+rujxwVc6A+QZaNMJXVtmabmFYLG2VGQTKaBfYGvBKUgtbMEttnp/oZ88BMi2DzadBVhOmfQV8SuHhw==}
    engines: {node: ^20.19.0 || >=22.12.0}
    cpu: [x64]
    os: [linux]

  '@rolldown/binding-linux-x64-musl@1.0.0-beta.55':
    resolution: {integrity: sha512-28q9OQ/DDpFh2keS4BVAlc3N65/wiqKbk5K1pgLdu/uWbKa8hgUJofhXxqO+a+Ya2HVTUuYHneWsI2u+eu3N5Q==}
    engines: {node: ^20.19.0 || >=22.12.0}
    cpu: [x64]
    os: [linux]

  '@rolldown/binding-openharmony-arm64@1.0.0-beta.55':
    resolution: {integrity: sha512-LiCA4BjCnm49B+j1lFzUtlC+4ZphBv0d0g5VqrEJua/uyv9Ey1v9tiaMql1C8c0TVSNDUmrkfHQ71vuQC7YfpQ==}
    engines: {node: ^20.19.0 || >=22.12.0}
    cpu: [arm64]
    os: [openharmony]

  '@rolldown/binding-wasm32-wasi@1.0.0-beta.55':
    resolution: {integrity: sha512-nZ76tY7T0Oe8vamz5Cv5CBJvrqeQxwj1WaJ2GxX8Msqs0zsQMMcvoyxOf0glnJlxxgKjtoBxAOxaAU8ERbW6Tg==}
    engines: {node: '>=14.0.0'}
    cpu: [wasm32]

  '@rolldown/binding-win32-arm64-msvc@1.0.0-beta.55':
    resolution: {integrity: sha512-TFVVfLfhL1G+pWspYAgPK/FSqjiBtRKYX9hixfs508QVEZPQlubYAepHPA7kEa6lZXYj5ntzF87KC6RNhxo+ew==}
    engines: {node: ^20.19.0 || >=22.12.0}
    cpu: [arm64]
    os: [win32]

  '@rolldown/binding-win32-x64-msvc@1.0.0-beta.55':
    resolution: {integrity: sha512-j1WBlk0p+ISgLzMIgl0xHp1aBGXenoK2+qWYc/wil2Vse7kVOdFq9aeQ8ahK6/oxX2teQ5+eDvgjdywqTL+daA==}
    engines: {node: ^20.19.0 || >=22.12.0}
    cpu: [x64]
    os: [win32]

  '@rolldown/pluginutils@1.0.0-beta.55':
    resolution: {integrity: sha512-vajw/B3qoi7aYnnD4BQ4VoCcXQWnF0roSwE2iynbNxgW4l9mFwtLmLmUhpDdcTBfKyZm1p/T0D13qG94XBLohA==}

  '@tybys/wasm-util@0.10.1':
    resolution: {integrity: sha512-9tTaPJLSiejZKx+Bmog4uSubteqTvFrVrURwkmHixBo0G4seD0zUxp98E1DzUBJxLQ3NPwXrGKDiVjwx/DpPsg==}

  ansis@4.2.0:
    resolution: {integrity: sha512-HqZ5rWlFjGiV0tDm3UxxgNRqsOTniqoKZu0pIAfh7TZQMGuZK+hH0drySty0si0QXj1ieop4+SkSfPZBPPkHig==}
    engines: {node: '>=14'}

  ast-kit@2.2.0:
    resolution: {integrity: sha512-m1Q/RaVOnTp9JxPX+F+Zn7IcLYMzM8kZofDImfsKZd8MbR+ikdOzTeztStWqfrqIxZnYWryyI9ePm3NGjnZgGw==}
    engines: {node: '>=20.19.0'}

  birpc@4.0.0:
    resolution: {integrity: sha512-LShSxJP0KTmd101b6DRyGBj57LZxSDYWKitQNW/mi8GRMvZb078Uf9+pveax1DrVL89vm7mWe+TovdI/UDOuPw==}

  cac@6.7.14:
    resolution: {integrity: sha512-b6Ilus+c3RrdDk+JhLKUAQfzzgLEPy6wcXqS7f/xe1EETvsDP6GORG7SFuOs6cID5YkqchW/LXZbX5bc8j7ZcQ==}
    engines: {node: '>=8'}

  defu@6.1.4:
    resolution: {integrity: sha512-mEQCMmwJu317oSz8CwdIOdwf3xMif1ttiM8LTufzc3g6kR+9Pe236twL8j3IYT1F7GfRgGcW6MWxzZjLIkuHIg==}

  dts-resolver@2.1.3:
    resolution: {integrity: sha512-bihc7jPC90VrosXNzK0LTE2cuLP6jr0Ro8jk+kMugHReJVLIpHz/xadeq3MhuwyO4TD4OA3L1Q8pBBFRc08Tsw==}
    engines: {node: '>=20.19.0'}
    peerDependencies:
      oxc-resolver: '>=11.0.0'
    peerDependenciesMeta:
      oxc-resolver:
        optional: true

  empathic@2.0.0:
    resolution: {integrity: sha512-i6UzDscO/XfAcNYD75CfICkmfLedpyPDdozrLMmQc5ORaQcdMoc21OnlEylMIqI7U8eniKrPMxxtj8k0vhmJhA==}
    engines: {node: '>=14'}

  fdir@6.5.0:
    resolution: {integrity: sha512-tIbYtZbucOs0BRGqPJkshJUYdL+SDH7dVM8gjy+ERp3WAUjLEFJE+02kanyHtwjWOnwrKYBiwAmM0p4kLJAnXg==}
    engines: {node: '>=12.0.0'}
    peerDependencies:
      picomatch: ^3 || ^4
    peerDependenciesMeta:
      picomatch:
        optional: true

  get-tsconfig@4.13.0:
    resolution: {integrity: sha512-1VKTZJCwBrvbd+Wn3AOgQP/2Av+TfTCOlE4AcRJE72W1ksZXbAx8PPBR9RzgTeSPzlPMHrbANMH3LbltH73wxQ==}

  hookable@5.5.3:
    resolution: {integrity: sha512-Yc+BQe8SvoXH1643Qez1zqLRmbA5rCL+sSmk6TVos0LWVfNIB7PGncdlId77WzLGSIB5KaWgTaNTs2lNVEI6VQ==}

  import-without-cache@0.2.4:
    resolution: {integrity: sha512-b/Ke0y4n26ffQhkLvgBxV/NVO/QEE6AZlrMj8DYuxBWNAAu4iMQWZTFWzKcCTEmv7VQ0ae0j8KwrlGzSy8sYQQ==}
    engines: {node: '>=20.19.0'}

  jsesc@3.1.0:
    resolution: {integrity: sha512-/sM3dO2FOzXjKQhJuo0Q173wf2KOo8t4I8vHy6lF9poUp7bKT0/NHE8fPX23PwfhnykfqnC2xRxOnVw5XuGIaA==}
    engines: {node: '>=6'}
    hasBin: true

  obug@2.1.1:
    resolution: {integrity: sha512-uTqF9MuPraAQ+IsnPf366RG4cP9RtUi7MLO1N3KEc+wb0a6yKpeL0lmk2IB1jY5KHPAlTc6T/JRdC/YqxHNwkQ==}

  pathe@2.0.3:
    resolution: {integrity: sha512-WUjGcAqP1gQacoQe+OBJsFA7Ld4DyXuUIjZ5cc75cLHvJ7dtNsTugphxIADwspS+AraAUePCKrSVtPLFj/F88w==}

  picomatch@4.0.3:
    resolution: {integrity: sha512-5gTmgEY/sqK6gFXLIsQNH19lWb4ebPDLA4SdLP7dsWkIXHWlG66oPuVvXSGFPppYZz8ZDZq0dYYrbHfBCVUb1Q==}
    engines: {node: '>=12'}

  quansync@1.0.0:
    resolution: {integrity: sha512-5xZacEEufv3HSTPQuchrvV6soaiACMFnq1H8wkVioctoH3TRha9Sz66lOxRwPK/qZj7HPiSveih9yAyh98gvqA==}

  resolve-pkg-maps@1.0.0:
    resolution: {integrity: sha512-seS2Tj26TBVOC2NIc2rOe2y2ZO7efxITtLZcGSOnHHNOQ7CkiUBfw0Iw2ck6xkIhPwLhKNLS8BO+hEpngQlqzw==}

  rolldown-plugin-dts@0.19.1:
    resolution: {integrity: sha512-6z501zDTGq6ZrIEdk57qNUwq7kBRGzv3I3SAN2HMJ2KFYjHLnAuPYOmvfiwdxbRZMJ0iMdkV9rYdC3GjurT2cg==}
    engines: {node: '>=20.19.0'}
    peerDependencies:
      '@ts-macro/tsc': ^0.3.6
      '@typescript/native-preview': '>=7.0.0-dev.20250601.1'
      rolldown: ^1.0.0-beta.55
      typescript: ^5.0.0
      vue-tsc: ~3.1.0
    peerDependenciesMeta:
      '@ts-macro/tsc':
        optional: true
      '@typescript/native-preview':
        optional: true
      typescript:
        optional: true
      vue-tsc:
        optional: true

  rolldown@1.0.0-beta.55:
    resolution: {integrity: sha512-r8Ws43aYCnfO07ao0SvQRz4TBAtZJjGWNvScRBOHuiNHvjfECOJBIqJv0nUkL1GYcltjvvHswRilDF1ocsC0+g==}
    engines: {node: ^20.19.0 || >=22.12.0}
    hasBin: true

  semver@7.7.3:
    resolution: {integrity: sha512-SdsKMrI9TdgjdweUSR9MweHA4EJ8YxHn8DFaDisvhVlUOe4BF1tLD7GAj0lIqWVl+dPb/rExr0Btby5loQm20Q==}
    engines: {node: '>=10'}
    hasBin: true

  tinyexec@1.0.2:
    resolution: {integrity: sha512-W/KYk+NFhkmsYpuHq5JykngiOCnxeVL8v8dFnqxSD8qEEdRfXk1SDM6JzNqcERbcGYj9tMrDQBYV9cjgnunFIg==}
    engines: {node: '>=18'}

  tinyglobby@0.2.15:
    resolution: {integrity: sha512-j2Zq4NyQYG5XMST4cbs02Ak8iJUdxRM0XI5QyxXuZOzKOINmWurp3smXu3y5wDcJrptwpSjgXHzIQxR0omXljQ==}
    engines: {node: '>=12.0.0'}

  tree-kill@1.2.2:
    resolution: {integrity: sha512-L0Orpi8qGpRG//Nd+H90vFB+3iHnue1zSSGmNOOCh1GLJ7rUKVwV2HvijphGQS2UmhUZewS9VgvxYIdgr+fG1A==}
    hasBin: true

  tsdown@0.18.1:
    resolution: {integrity: sha512-na4MdVA8QS9Zw++0KovGpjvw1BY5WvoCWcE4Aw0dyfff9nWK8BPzniQEVs+apGUg3DHaYMDfs+XiFaDDgqDDzQ==}
    engines: {node: '>=20.19.0'}
    hasBin: true
    peerDependencies:
      '@arethetypeswrong/core': ^0.18.1
      '@vitejs/devtools': '*'
      publint: ^0.3.0
      typescript: ^5.0.0
      unplugin-lightningcss: ^0.4.0
      unplugin-unused: ^0.5.0
    peerDependenciesMeta:
      '@arethetypeswrong/core':
        optional: true
      '@vitejs/devtools':
        optional: true
      publint:
        optional: true
      typescript:
        optional: true
      unplugin-lightningcss:
        optional: true
      unplugin-unused:
        optional: true

  tslib@2.8.1:
    resolution: {integrity: sha512-oJFu94HQb+KVduSUQL7wnpmqnfmLsOA/nAh6b6EH0wCEoK0/mPeXU6c3wKDV83MkOuHPRHtSXKKU99IBazS/2w==}

  typescript@5.9.3:
    resolution: {integrity: sha512-jl1vZzPDinLr9eUt3J/t7V6FgNEw9QjvBPdysz9KfQDD41fQrC2Y4vKQdiaUpFT4bXlb1RHhLpp8wtm6M5TgSw==}
    engines: {node: '>=14.17'}
    hasBin: true

  unconfig-core@7.4.2:
    resolution: {integrity: sha512-VgPCvLWugINbXvMQDf8Jh0mlbvNjNC6eSUziHsBCMpxR05OPrNrvDnyatdMjRgcHaaNsCqz+wjNXxNw1kRLHUg==}

  unrun@0.2.20:
    resolution: {integrity: sha512-YhobStTk93HYRN/4iBs3q3/sd7knvju1XrzwwrVVfRujyTG1K88hGONIxCoJN0PWBuO+BX7fFiHH0sVDfE3MWw==}
    engines: {node: '>=20.19.0'}
    hasBin: true
    peerDependencies:
      synckit: ^0.11.11
    peerDependenciesMeta:
      synckit:
        optional: true

snapshots:

  '@babel/generator@7.28.5':
    dependencies:
      '@babel/parser': 7.28.5
      '@babel/types': 7.28.5
      '@jridgewell/gen-mapping': 0.3.13
      '@jridgewell/trace-mapping': 0.3.31
      jsesc: 3.1.0

  '@babel/helper-string-parser@7.27.1': {}

  '@babel/helper-validator-identifier@7.28.5': {}

  '@babel/parser@7.28.5':
    dependencies:
      '@babel/types': 7.28.5

  '@babel/types@7.28.5':
    dependencies:
      '@babel/helper-string-parser': 7.27.1
      '@babel/helper-validator-identifier': 7.28.5

  '@bedrock-apis/env-types@1.0.0-beta.5': {}

  '@emnapi/core@1.7.1':
    dependencies:
      '@emnapi/wasi-threads': 1.1.0
      tslib: 2.8.1
    optional: true

  '@emnapi/runtime@1.7.1':
    dependencies:
      tslib: 2.8.1
    optional: true

  '@emnapi/wasi-threads@1.1.0':
    dependencies:
      tslib: 2.8.1
    optional: true

  '@jridgewell/gen-mapping@0.3.13':
    dependencies:
      '@jridgewell/sourcemap-codec': 1.5.5
      '@jridgewell/trace-mapping': 0.3.31

  '@jridgewell/resolve-uri@3.1.2': {}

  '@jridgewell/sourcemap-codec@1.5.5': {}

  '@jridgewell/trace-mapping@0.3.31':
    dependencies:
      '@jridgewell/resolve-uri': 3.1.2
      '@jridgewell/sourcemap-codec': 1.5.5

  '@minecraft/common@1.2.0': {}

  '@minecraft/server-ui@2.1.0-beta.1.21.130-stable(@minecraft/common@1.2.0)(@minecraft/server@2.5.0-beta.1.21.130-stable(@minecraft/common@1.2.0)(@minecraft/vanilla-data@1.21.131))':
    dependencies:
      '@minecraft/common': 1.2.0
      '@minecraft/server': 2.5.0-beta.1.21.130-stable(@minecraft/common@1.2.0)(@minecraft/vanilla-data@1.21.131)

  '@minecraft/server@2.5.0-beta.1.21.130-stable(@minecraft/common@1.2.0)(@minecraft/vanilla-data@1.21.131)':
    dependencies:
      '@minecraft/common': 1.2.0
      '@minecraft/vanilla-data': 1.21.131

  '@minecraft/vanilla-data@1.21.131': {}

  '@napi-rs/wasm-runtime@1.1.0':
    dependencies:
      '@emnapi/core': 1.7.1
      '@emnapi/runtime': 1.7.1
      '@tybys/wasm-util': 0.10.1
    optional: true

  '@oxc-project/types@0.103.0': {}

  '@quansync/fs@1.0.0':
    dependencies:
      quansync: 1.0.0

  '@rolldown/binding-android-arm64@1.0.0-beta.55':
    optional: true

  '@rolldown/binding-darwin-arm64@1.0.0-beta.55':
    optional: true

  '@rolldown/binding-darwin-x64@1.0.0-beta.55':
    optional: true

  '@rolldown/binding-freebsd-x64@1.0.0-beta.55':
    optional: true

  '@rolldown/binding-linux-arm-gnueabihf@1.0.0-beta.55':
    optional: true

  '@rolldown/binding-linux-arm64-gnu@1.0.0-beta.55':
    optional: true

  '@rolldown/binding-linux-arm64-musl@1.0.0-beta.55':
    optional: true

  '@rolldown/binding-linux-x64-gnu@1.0.0-beta.55':
    optional: true

  '@rolldown/binding-linux-x64-musl@1.0.0-beta.55':
    optional: true

  '@rolldown/binding-openharmony-arm64@1.0.0-beta.55':
    optional: true

  '@rolldown/binding-wasm32-wasi@1.0.0-beta.55':
    dependencies:
      '@napi-rs/wasm-runtime': 1.1.0
    optional: true

  '@rolldown/binding-win32-arm64-msvc@1.0.0-beta.55':
    optional: true

  '@rolldown/binding-win32-x64-msvc@1.0.0-beta.55':
    optional: true

  '@rolldown/pluginutils@1.0.0-beta.55': {}

  '@tybys/wasm-util@0.10.1':
    dependencies:
      tslib: 2.8.1
    optional: true

  ansis@4.2.0: {}

  ast-kit@2.2.0:
    dependencies:
      '@babel/parser': 7.28.5
      pathe: 2.0.3

  birpc@4.0.0: {}

  cac@6.7.14: {}

  defu@6.1.4: {}

  dts-resolver@2.1.3: {}

  empathic@2.0.0: {}

  fdir@6.5.0(picomatch@4.0.3):
    optionalDependencies:
      picomatch: 4.0.3

  get-tsconfig@4.13.0:
    dependencies:
      resolve-pkg-maps: 1.0.0

  hookable@5.5.3: {}

  import-without-cache@0.2.4: {}

  jsesc@3.1.0: {}

  obug@2.1.1: {}

  pathe@2.0.3: {}

  picomatch@4.0.3: {}

  quansync@1.0.0: {}

  resolve-pkg-maps@1.0.0: {}

  rolldown-plugin-dts@0.19.1(rolldown@1.0.0-beta.55)(typescript@5.9.3):
    dependencies:
      '@babel/generator': 7.28.5
      '@babel/parser': 7.28.5
      '@babel/types': 7.28.5
      ast-kit: 2.2.0
      birpc: 4.0.0
      dts-resolver: 2.1.3
      get-tsconfig: 4.13.0
      obug: 2.1.1
      rolldown: 1.0.0-beta.55
    optionalDependencies:
      typescript: 5.9.3
    transitivePeerDependencies:
      - oxc-resolver

  rolldown@1.0.0-beta.55:
    dependencies:
      '@oxc-project/types': 0.103.0
      '@rolldown/pluginutils': 1.0.0-beta.55
    optionalDependencies:
      '@rolldown/binding-android-arm64': 1.0.0-beta.55
      '@rolldown/binding-darwin-arm64': 1.0.0-beta.55
      '@rolldown/binding-darwin-x64': 1.0.0-beta.55
      '@rolldown/binding-freebsd-x64': 1.0.0-beta.55
      '@rolldown/binding-linux-arm-gnueabihf': 1.0.0-beta.55
      '@rolldown/binding-linux-arm64-gnu': 1.0.0-beta.55
      '@rolldown/binding-linux-arm64-musl': 1.0.0-beta.55
      '@rolldown/binding-linux-x64-gnu': 1.0.0-beta.55
      '@rolldown/binding-linux-x64-musl': 1.0.0-beta.55
      '@rolldown/binding-openharmony-arm64': 1.0.0-beta.55
      '@rolldown/binding-wasm32-wasi': 1.0.0-beta.55
      '@rolldown/binding-win32-arm64-msvc': 1.0.0-beta.55
      '@rolldown/binding-win32-x64-msvc': 1.0.0-beta.55

  semver@7.7.3: {}

  tinyexec@1.0.2: {}

  tinyglobby@0.2.15:
    dependencies:
      fdir: 6.5.0(picomatch@4.0.3)
      picomatch: 4.0.3

  tree-kill@1.2.2: {}

  tsdown@0.18.1(typescript@5.9.3):
    dependencies:
      ansis: 4.2.0
      cac: 6.7.14
      defu: 6.1.4
      empathic: 2.0.0
      hookable: 5.5.3
      import-without-cache: 0.2.4
      obug: 2.1.1
      picomatch: 4.0.3
      rolldown: 1.0.0-beta.55
      rolldown-plugin-dts: 0.19.1(rolldown@1.0.0-beta.55)(typescript@5.9.3)
      semver: 7.7.3
      tinyexec: 1.0.2
      tinyglobby: 0.2.15
      tree-kill: 1.2.2
      unconfig-core: 7.4.2
      unrun: 0.2.20
    optionalDependencies:
      typescript: 5.9.3
    transitivePeerDependencies:
      - '@ts-macro/tsc'
      - '@typescript/native-preview'
      - oxc-resolver
      - synckit
      - vue-tsc

  tslib@2.8.1:
    optional: true

  typescript@5.9.3: {}

  unconfig-core@7.4.2:
    dependencies:
      '@quansync/fs': 1.0.0
      quansync: 1.0.0

  unrun@0.2.20:
    dependencies:
      rolldown: 1.0.0-beta.55
